
Microsoft Visual Studio Solution File, Format Version 12.00
# Visual Studio Version 17
VisualStudioVersion = 17.0.31903.59
MinimumVisualStudioVersion = 10.0.40219.1
Project("{FAE04EC0-301F-11D3-BF4B-00C04F79EFBC}") = "TodoList.Models", "TodoList.Models\TodoList.Models.csproj", "{536897DA-F496-4B52-A45C-8EE454AB7967}"
EndProject
Project("{FAE04EC0-301F-11D3-BF4B-00C04F79EFBC}") = "TodoList.API", "TodoList.API\TodoList.API.csproj", "{DA77C5F6-59E9-42F7-814F-817112F81897}"
EndProject
Project("{FAE04EC0-301F-11D3-BF4B-00C04F79EFBC}") = "TodoList.Tests", "TodoList.Tests\TodoList.Tests.csproj", "{043770D5-1A51-4746-8394-2B9AD9C3202C}"
EndProject
Global
	GlobalSection(SolutionConfigurationPlatforms) = preSolution
		Debug|Any CPU = Debug|Any CPU
		Release|Any CPU = Release|Any CPU
	EndGlobalSection
	GlobalSection(SolutionProperties) = preSolution
		HideSolutionNode = FALSE
	EndGlobalSection
	GlobalSection(ProjectConfigurationPlatforms) = postSolution
		{536897DA-F496-4B52-A45C-8EE454AB7967}.Debug|Any CPU.ActiveCfg = Debug|Any CPU
		{536897DA-F496-4B52-A45C-8EE454AB7967}.Debug|Any CPU.Build.0 = Debug|Any CPU
		{536897DA-F496-4B52-A45C-8EE454AB7967}.Release|Any CPU.ActiveCfg = Release|Any CPU
		{536897DA-F496-4B52-A45C-8EE454AB7967}.Release|Any CPU.Build.0 = Release|Any CPU
		{DA77C5F6-59E9-42F7-814F-817112F81897}.Debug|Any CPU.ActiveCfg = Debug|Any CPU
		{DA77C5F6-59E9-42F7-814F-817112F81897}.Debug|Any CPU.Build.0 = Debug|Any CPU
		{DA77C5F6-59E9-42F7-814F-817112F81897}.Release|Any CPU.ActiveCfg = Release|Any CPU
		{DA77C5F6-59E9-42F7-814F-817112F81897}.Release|Any CPU.Build.0 = Release|Any CPU
		{043770D5-1A51-4746-8394-2B9AD9C3202C}.Debug|Any CPU.ActiveCfg = Debug|Any CPU
		{043770D5-1A51-4746-8394-2B9AD9C3202C}.Debug|Any CPU.Build.0 = Debug|Any CPU
		{043770D5-1A51-4746-8394-2B9AD9C3202C}.Release|Any CPU.ActiveCfg = Release|Any CPU
		{043770D5-1A51-4746-8394-2B9AD9C3202C}.Release|Any CPU.Build.0 = Release|Any CPU
	EndGlobalSection
EndGlobal
